
Microsoft Visual Studio Solution File, Format Version 12.00
# Visual Studio Version 17
VisualStudioVersion = 17.4.33205.214
MinimumVisualStudioVersion = 10.0.40219.1
Project("{FAE04EC0-301F-11D3-BF4B-00C04F79EFBC}") = "IndianStateCensusAnalyser", "IndianStateCensusAnalyser\IndianStateCensusAnalyser.csproj", "{3E8D0F32-4DD9-4377-85B0-812084BEB2C7}"
EndProject
Project("{FAE04EC0-301F-11D3-BF4B-00C04F79EFBC}") = "IndianStateCensusAnlyserTest", "..\IndianStateCensusAnlyserTest\IndianStateCensusAnlyserTest.csproj", "{326BD4BF-4405-448E-9775-73A018847BAC}"
EndProject
Global
	GlobalSection(SolutionConfigurationPlatforms) = preSolution
		Debug|Any CPU = Debug|Any CPU
		Release|Any CPU = Release|Any CPU
	EndGlobalSection
	GlobalSection(ProjectConfigurationPlatforms) = postSolution
		{3E8D0F32-4DD9-4377-85B0-812084BEB2C7}.Debug|Any CPU.ActiveCfg = Debug|Any CPU
		{3E8D0F32-4DD9-4377-85B0-812084BEB2C7}.Debug|Any CPU.Build.0 = Debug|Any CPU
		{3E8D0F32-4DD9-4377-85B0-812084BEB2C7}.Release|Any CPU.ActiveCfg = Release|Any CPU
		{3E8D0F32-4DD9-4377-85B0-812084BEB2C7}.Release|Any CPU.Build.0 = Release|Any CPU
		{326BD4BF-4405-448E-9775-73A018847BAC}.Debug|Any CPU.ActiveCfg = Debug|Any CPU
		{326BD4BF-4405-448E-9775-73A018847BAC}.Debug|Any CPU.Build.0 = Debug|Any CPU
		{326BD4BF-4405-448E-9775-73A018847BAC}.Release|Any CPU.ActiveCfg = Release|Any CPU
		{326BD4BF-4405-448E-9775-73A018847BAC}.Release|Any CPU.Build.0 = Release|Any CPU
	EndGlobalSection
	GlobalSection(SolutionProperties) = preSolution
		HideSolutionNode = FALSE
	EndGlobalSection
	GlobalSection(ExtensibilityGlobals) = postSolution
		SolutionGuid = {B6F87134-77B6-4923-90B3-B20D4BFE9E05}
	EndGlobalSection
EndGlobal
